version = 1
requires-python = ">=3.12"

[[package]]
name = "asgiref"
version = "3.8.1"
source = { registry = "https://pypi.org/simple" }
sdist = { url = "https://files.pythonhosted.org/packages/29/38/b3395cc9ad1b56d2ddac9970bc8f4141312dbaec28bc7c218b0dfafd0f42/asgiref-3.8.1.tar.gz", hash = "sha256:c343bd80a0bec947a9860adb4c432ffa7db769836c64238fc34bdc3fec84d590", size = 35186 }
wheels = [
    { url = "https://files.pythonhosted.org/packages/39/e3/893e8757be2612e6c266d9bb58ad2e3651524b5b40cf56761e985a28b13e/asgiref-3.8.1-py3-none-any.whl", hash = "sha256:3e1e3ecc849832fe52ccf2cb6686b7a55f82bb1d6aee72a58826471390335e47", size = 23828 },
]

[[package]]
name = "django"
version = "5.1.3"
source = { registry = "https://pypi.org/simple" }
dependencies = [
    { name = "asgiref" },
    { name = "sqlparse" },
    { name = "tzdata", marker = "sys_platform == 'win32'" },
]
sdist = { url = "https://files.pythonhosted.org/packages/c6/85/ba2c2b83ba8b95354f99ed8344405d9571109ce0175028876209d6b93fba/Django-5.1.3.tar.gz", hash = "sha256:c0fa0e619c39325a169208caef234f90baa925227032ad3f44842ba14d75234a", size = 10698518 }
wheels = [
    { url = "https://files.pythonhosted.org/packages/e5/f6/88ed57e1b3ed54ff18c1da352aecbd6f51784c3e642d97586b61f050f5b1/Django-5.1.3-py3-none-any.whl", hash = "sha256:8b38a9a12da3ae00cb0ba72da985ec4b14de6345046b1e174b1fd7254398f818", size = 8276180 },
]

[[package]]
name = "django-environ"
version = "0.11.2"
source = { registry = "https://pypi.org/simple" }
sdist = { url = "https://files.pythonhosted.org/packages/d6/0b/f2c024529ee4bbf8b95176eebeb86c6e695192a9ce0e91059cb83a33c1d3/django-environ-0.11.2.tar.gz", hash = "sha256:f32a87aa0899894c27d4e1776fa6b477e8164ed7f6b3e410a62a6d72caaf64be", size = 54326 }
wheels = [
    { url = "https://files.pythonhosted.org/packages/c4/f1/468b49cccba3b42dda571063a14c668bb0b53a1d5712426d18e36663bd53/django_environ-0.11.2-py2.py3-none-any.whl", hash = "sha256:0ff95ab4344bfeff693836aa978e6840abef2e2f1145adff7735892711590c05", size = 19141 },
]

[[package]]
name = "django-socio-grpc"
version = "0.23.1"
source = { registry = "https://pypi.org/simple" }
dependencies = [
    { name = "django" },
    { name = "djangorestframework" },
    { name = "grpcio-health-checking" },
    { name = "grpcio-tools" },
    { name = "lark" },
]
sdist = { url = "https://files.pythonhosted.org/packages/63/89/b8d9b61377cf8e054bb57ccd49869bb41704d07d2139a09f358dae1c6206/django_socio_grpc-0.23.1.tar.gz", hash = "sha256:c1b6eadcede60e218efd334c4ebbcef892e60390fe68b9d5cef3f71f23bec815", size = 131607 }
wheels = [
    { url = "https://files.pythonhosted.org/packages/d4/c3/b312b32570bc15097de4a0f0a111ce371f5a01980ff0b82f5943672dc422/django_socio_grpc-0.23.1-py3-none-any.whl", hash = "sha256:346ca64521c894b48b398659ac2456923bc3188e1f44e1aca98db6ea09ef8b36", size = 197846 },
]

[[package]]
name = "djangorestframework"
version = "3.15.2"
source = { registry = "https://pypi.org/simple" }
dependencies = [
    { name = "django" },
]
sdist = { url = "https://files.pythonhosted.org/packages/2c/ce/31482eb688bdb4e271027076199e1aa8d02507e530b6d272ab8b4481557c/djangorestframework-3.15.2.tar.gz", hash = "sha256:36fe88cd2d6c6bec23dca9804bab2ba5517a8bb9d8f47ebc68981b56840107ad", size = 1067420 }
wheels = [
    { url = "https://files.pythonhosted.org/packages/7c/b6/fa99d8f05eff3a9310286ae84c4059b08c301ae4ab33ae32e46e8ef76491/djangorestframework-3.15.2-py3-none-any.whl", hash = "sha256:2b8871b062ba1aefc2de01f773875441a961fefbf79f5eed1e32b2f096944b20", size = 1071235 },
]

[[package]]
name = "grpcio"
version = "1.67.1"
source = { registry = "https://pypi.org/simple" }
sdist = { url = "https://files.pythonhosted.org/packages/20/53/d9282a66a5db45981499190b77790570617a604a38f3d103d0400974aeb5/grpcio-1.67.1.tar.gz", hash = "sha256:3dc2ed4cabea4dc14d5e708c2b426205956077cc5de419b4d4079315017e9732", size = 12580022 }
wheels = [
    { url = "https://files.pythonhosted.org/packages/6e/25/6f95bd18d5f506364379eabc0d5874873cc7dbdaf0757df8d1e82bc07a88/grpcio-1.67.1-cp312-cp312-linux_armv7l.whl", hash = "sha256:267d1745894200e4c604958da5f856da6293f063327cb049a51fe67348e4f953", size = 5089809 },
    { url = "https://files.pythonhosted.org/packages/10/3f/d79e32e5d0354be33a12db2267c66d3cfeff700dd5ccdd09fd44a3ff4fb6/grpcio-1.67.1-cp312-cp312-macosx_10_9_universal2.whl", hash = "sha256:85f69fdc1d28ce7cff8de3f9c67db2b0ca9ba4449644488c1e0303c146135ddb", size = 10981985 },
    { url = "https://files.pythonhosted.org/packages/21/f2/36fbc14b3542e3a1c20fb98bd60c4732c55a44e374a4eb68f91f28f14aab/grpcio-1.67.1-cp312-cp312-manylinux_2_17_aarch64.whl", hash = "sha256:f26b0b547eb8d00e195274cdfc63ce64c8fc2d3e2d00b12bf468ece41a0423a0", size = 5588770 },
    { url = "https://files.pythonhosted.org/packages/0d/af/bbc1305df60c4e65de8c12820a942b5e37f9cf684ef5e49a63fbb1476a73/grpcio-1.67.1-cp312-cp312-manylinux_2_17_i686.manylinux2014_i686.whl", hash = "sha256:4422581cdc628f77302270ff839a44f4c24fdc57887dc2a45b7e53d8fc2376af", size = 6214476 },
    { url = "https://files.pythonhosted.org/packages/92/cf/1d4c3e93efa93223e06a5c83ac27e32935f998bc368e276ef858b8883154/grpcio-1.67.1-cp312-cp312-manylinux_2_17_x86_64.manylinux2014_x86_64.whl", hash = "sha256:1d7616d2ded471231c701489190379e0c311ee0a6c756f3c03e6a62b95a7146e", size = 5850129 },
    { url = "https://files.pythonhosted.org/packages/ae/ca/26195b66cb253ac4d5ef59846e354d335c9581dba891624011da0e95d67b/grpcio-1.67.1-cp312-cp312-musllinux_1_1_i686.whl", hash = "sha256:8a00efecde9d6fcc3ab00c13f816313c040a28450e5e25739c24f432fc6d3c75", size = 6568489 },
    { url = "https://files.pythonhosted.org/packages/d1/94/16550ad6b3f13b96f0856ee5dfc2554efac28539ee84a51d7b14526da985/grpcio-1.67.1-cp312-cp312-musllinux_1_1_x86_64.whl", hash = "sha256:699e964923b70f3101393710793289e42845791ea07565654ada0969522d0a38", size = 6149369 },
    { url = "https://files.pythonhosted.org/packages/33/0d/4c3b2587e8ad7f121b597329e6c2620374fccbc2e4e1aa3c73ccc670fde4/grpcio-1.67.1-cp312-cp312-win32.whl", hash = "sha256:4e7b904484a634a0fff132958dabdb10d63e0927398273917da3ee103e8d1f78", size = 3599176 },
    { url = "https://files.pythonhosted.org/packages/7d/36/0c03e2d80db69e2472cf81c6123aa7d14741de7cf790117291a703ae6ae1/grpcio-1.67.1-cp312-cp312-win_amd64.whl", hash = "sha256:5721e66a594a6c4204458004852719b38f3d5522082be9061d6510b455c90afc", size = 4346574 },
    { url = "https://files.pythonhosted.org/packages/12/d2/2f032b7a153c7723ea3dea08bffa4bcaca9e0e5bdf643ce565b76da87461/grpcio-1.67.1-cp313-cp313-linux_armv7l.whl", hash = "sha256:aa0162e56fd10a5547fac8774c4899fc3e18c1aa4a4759d0ce2cd00d3696ea6b", size = 5091487 },
    { url = "https://files.pythonhosted.org/packages/d0/ae/ea2ff6bd2475a082eb97db1104a903cf5fc57c88c87c10b3c3f41a184fc0/grpcio-1.67.1-cp313-cp313-macosx_10_13_universal2.whl", hash = "sha256:beee96c8c0b1a75d556fe57b92b58b4347c77a65781ee2ac749d550f2a365dc1", size = 10943530 },
    { url = "https://files.pythonhosted.org/packages/07/62/646be83d1a78edf8d69b56647327c9afc223e3140a744c59b25fbb279c3b/grpcio-1.67.1-cp313-cp313-manylinux_2_17_aarch64.whl", hash = "sha256:a93deda571a1bf94ec1f6fcda2872dad3ae538700d94dc283c672a3b508ba3af", size = 5589079 },
    { url = "https://files.pythonhosted.org/packages/d0/25/71513d0a1b2072ce80d7f5909a93596b7ed10348b2ea4fdcbad23f6017bf/grpcio-1.67.1-cp313-cp313-manylinux_2_17_i686.manylinux2014_i686.whl", hash = "sha256:0e6f255980afef598a9e64a24efce87b625e3e3c80a45162d111a461a9f92955", size = 6213542 },
    { url = "https://files.pythonhosted.org/packages/76/9a/d21236297111052dcb5dc85cd77dc7bf25ba67a0f55ae028b2af19a704bc/grpcio-1.67.1-cp313-cp313-manylinux_2_17_x86_64.manylinux2014_x86_64.whl", hash = "sha256:9e838cad2176ebd5d4a8bb03955138d6589ce9e2ce5d51c3ada34396dbd2dba8", size = 5850211 },
    { url = "https://files.pythonhosted.org/packages/2d/fe/70b1da9037f5055be14f359026c238821b9bcf6ca38a8d760f59a589aacd/grpcio-1.67.1-cp313-cp313-musllinux_1_1_i686.whl", hash = "sha256:a6703916c43b1d468d0756c8077b12017a9fcb6a1ef13faf49e67d20d7ebda62", size = 6572129 },
    { url = "https://files.pythonhosted.org/packages/74/0d/7df509a2cd2a54814598caf2fb759f3e0b93764431ff410f2175a6efb9e4/grpcio-1.67.1-cp313-cp313-musllinux_1_1_x86_64.whl", hash = "sha256:917e8d8994eed1d86b907ba2a61b9f0aef27a2155bca6cbb322430fc7135b7bb", size = 6149819 },
    { url = "https://files.pythonhosted.org/packages/0a/08/bc3b0155600898fd10f16b79054e1cca6cb644fa3c250c0fe59385df5e6f/grpcio-1.67.1-cp313-cp313-win32.whl", hash = "sha256:e279330bef1744040db8fc432becc8a727b84f456ab62b744d3fdb83f327e121", size = 3596561 },
    { url = "https://files.pythonhosted.org/packages/5a/96/44759eca966720d0f3e1b105c43f8ad4590c97bf8eb3cd489656e9590baa/grpcio-1.67.1-cp313-cp313-win_amd64.whl", hash = "sha256:fa0c739ad8b1996bd24823950e3cb5152ae91fca1c09cc791190bf1627ffefba", size = 4346042 },
]

[[package]]
name = "grpcio-health-checking"
version = "1.67.1"
source = { registry = "https://pypi.org/simple" }
dependencies = [
    { name = "grpcio" },
    { name = "protobuf" },
]
sdist = { url = "https://files.pythonhosted.org/packages/64/dd/e3b339fa44dc75b501a1a22cb88f1af5b1f8c964488f19c4de4cfbbf05ba/grpcio_health_checking-1.67.1.tar.gz", hash = "sha256:ca90fa76a6afbb4fda71d734cb9767819bba14928b91e308cffbb0c311eb941e", size = 16775 }
wheels = [
    { url = "https://files.pythonhosted.org/packages/5c/8d/7a9878dca6616b48093d71c52d0bc79cb2dd1a2698ff6f5ce7406306de12/grpcio_health_checking-1.67.1-py3-none-any.whl", hash = "sha256:93753da5062152660aef2286c9b261e07dd87124a65e4dc9fbd47d1ce966b39d", size = 18924 },
]

[[package]]
name = "grpcio-tools"
version = "1.67.1"
source = { registry = "https://pypi.org/simple" }
dependencies = [
    { name = "grpcio" },
    { name = "protobuf" },
    { name = "setuptools" },
]
sdist = { url = "https://files.pythonhosted.org/packages/ae/f9/6facde12a5a8da4398a3a8947f8ba6ef33b408dfc9767c8cefc0074ddd68/grpcio_tools-1.67.1.tar.gz", hash = "sha256:d9657f5ddc62b52f58904e6054b7d8a8909ed08a1e28b734be3a707087bcf004", size = 5159073 }
wheels = [
    { url = "https://files.pythonhosted.org/packages/d9/cf/7b1908ca72e484bac555431036292c48d2d6504a45e2789848cb5ff313a8/grpcio_tools-1.67.1-cp312-cp312-linux_armv7l.whl", hash = "sha256:bd5caef3a484e226d05a3f72b2d69af500dca972cf434bf6b08b150880166f0b", size = 2307645 },
    { url = "https://files.pythonhosted.org/packages/bb/15/0d1efb38af8af7e56b2342322634a3caf5f1337a6c3857a6d14aa590dfdf/grpcio_tools-1.67.1-cp312-cp312-macosx_10_9_universal2.whl", hash = "sha256:48a2d63d1010e5b218e8e758ecb2a8d63c0c6016434e9f973df1c3558917020a", size = 5525468 },
    { url = "https://files.pythonhosted.org/packages/52/42/a810709099f09ade7f32990c0712c555b3d7eab6a05fb62618c17f8fe9da/grpcio_tools-1.67.1-cp312-cp312-manylinux_2_17_aarch64.whl", hash = "sha256:baa64a6aa009bffe86309e236c81b02cd4a88c1ebd66f2d92e84e9b97a9ae857", size = 2281768 },
    { url = "https://files.pythonhosted.org/packages/4c/2a/64ee6cfdf1c32ef8bdd67bf04ae2f745f517f4a546281453ca1f68fa79ca/grpcio_tools-1.67.1-cp312-cp312-manylinux_2_17_i686.manylinux2014_i686.whl", hash = "sha256:4ab318c40b5e3c097a159035fc3e4ecfbe9b3d2c9de189e55468b2c27639a6ab", size = 2617359 },
    { url = "https://files.pythonhosted.org/packages/79/7f/1ed8cd1529253fef9cf0ef3cd8382641125a5ca2eaa08eaffbb549f84e0b/grpcio_tools-1.67.1-cp312-cp312-manylinux_2_17_x86_64.manylinux2014_x86_64.whl", hash = "sha256:50eba3e31f9ac1149463ad9182a37349850904f142cffbd957cd7f54ec320b8e", size = 2415323 },
    { url = "https://files.pythonhosted.org/packages/8e/08/59f0073c58703c176c15fb1a838763b77c1c06994adba16654b92a666e1b/grpcio_tools-1.67.1-cp312-cp312-musllinux_1_1_i686.whl", hash = "sha256:de6fbc071ecc4fe6e354a7939202191c1f1abffe37fbce9b08e7e9a5b93eba3d", size = 3225051 },
    { url = "https://files.pythonhosted.org/packages/b7/0d/a5d703214fe49d261b4b8f0a64140a4dc1f88560724a38ad937120b899ad/grpcio_tools-1.67.1-cp312-cp312-musllinux_1_1_x86_64.whl", hash = "sha256:db9e87f6ea4b0ce99b2651203480585fd9e8dd0dd122a19e46836e93e3a1b749", size = 2870421 },
    { url = "https://files.pythonhosted.org/packages/ac/af/41d79cb87eae99c0348e8f1fb3dbed9e40a6f63548b216e99f4d1165fa5c/grpcio_tools-1.67.1-cp312-cp312-win32.whl", hash = "sha256:6a595a872fb720dde924c4e8200f41d5418dd6baab8cc1a3c1e540f8f4596351", size = 940542 },
    { url = "https://files.pythonhosted.org/packages/66/e5/096e12f5319835aa2bcb746d49ae62220bb48313ca649e89bdbef605c11d/grpcio_tools-1.67.1-cp312-cp312-win_amd64.whl", hash = "sha256:92eebb9b31031604ae97ea7657ae2e43149b0394af7117ad7e15894b6cc136dc", size = 1090425 },
    { url = "https://files.pythonhosted.org/packages/62/b3/91c88440c978740752d39f1abae83f21408048b98b93652ebd84f974ad3d/grpcio_tools-1.67.1-cp313-cp313-linux_armv7l.whl", hash = "sha256:9a3b9510cc87b6458b05ad49a6dee38df6af37f9ee6aa027aa086537798c3d4a", size = 2307453 },
    { url = "https://files.pythonhosted.org/packages/05/33/faf3330825463c0409fa3891bc1459bf86a00055b19790211365279538d7/grpcio_tools-1.67.1-cp313-cp313-macosx_10_13_universal2.whl", hash = "sha256:9e4c9b9fa9b905f15d414cb7bd007ba7499f8907bdd21231ab287a86b27da81a", size = 5517975 },
    { url = "https://files.pythonhosted.org/packages/bd/78/461ab34cadbd0b5b9a0b6efedda96b58e0de471e3fa91d8e4a4e31924e1b/grpcio_tools-1.67.1-cp313-cp313-manylinux_2_17_aarch64.whl", hash = "sha256:e11a98b41af4bc88b7a738232b8fa0306ad82c79fa5d7090bb607f183a57856f", size = 2281081 },
    { url = "https://files.pythonhosted.org/packages/5f/0c/b30bdbcab1795b12e05adf30c20981c14f66198e22044edb15b3c1d9f0bc/grpcio_tools-1.67.1-cp313-cp313-manylinux_2_17_i686.manylinux2014_i686.whl", hash = "sha256:de0fcfe61c26679d64b1710746f2891f359593f76894fcf492c37148d5694f00", size = 2616929 },
    { url = "https://files.pythonhosted.org/packages/d3/c2/a77ca68ae768f8d5f1d070ea4afc42fda40401083e7c4f5c08211e84de38/grpcio_tools-1.67.1-cp313-cp313-manylinux_2_17_x86_64.manylinux2014_x86_64.whl", hash = "sha256:7ae3b3e2ee5aad59dece65a613624c46a84c9582fc3642686537c6dfae8e47dc", size = 2414633 },
    { url = "https://files.pythonhosted.org/packages/39/70/8d7131dccfe4d7b739c96ada7ea9acde631f58f013eae773791fb490a3eb/grpcio_tools-1.67.1-cp313-cp313-musllinux_1_1_i686.whl", hash = "sha256:9a630f83505b6471a3094a7a372a1240de18d0cd3e64f4fbf46b361bac2be65b", size = 3224328 },
    { url = "https://files.pythonhosted.org/packages/2a/28/2d24b933ccf0d6877035aa3d5f8b64aad18c953657dd43c682b5701dc127/grpcio_tools-1.67.1-cp313-cp313-musllinux_1_1_x86_64.whl", hash = "sha256:d85a1fcbacd3e08dc2b3d1d46b749351a9a50899fa35cf2ff040e1faf7d405ad", size = 2869640 },
    { url = "https://files.pythonhosted.org/packages/37/77/ddd2b4cc896639fb0f85fc21d5684f25080ee28845c5a4031e3dd65fdc92/grpcio_tools-1.67.1-cp313-cp313-win32.whl", hash = "sha256:778470f025f25a1fca5a48c93c0a18af395b46b12dd8df7fca63736b85181f41", size = 939997 },
    { url = "https://files.pythonhosted.org/packages/96/d0/f0855a0ccb26ffeb41e6db68b5cbb25d7e9ba1f8f19151eef36210e64efc/grpcio_tools-1.67.1-cp313-cp313-win_amd64.whl", hash = "sha256:6961da86e9856b4ddee0bf51ef6636b4bf9c29c0715aa71f3c8f027c45d42654", size = 1089819 },
]

[[package]]
name = "lark"
version = "1.2.2"
source = { registry = "https://pypi.org/simple" }
sdist = { url = "https://files.pythonhosted.org/packages/af/60/bc7622aefb2aee1c0b4ba23c1446d3e30225c8770b38d7aedbfb65ca9d5a/lark-1.2.2.tar.gz", hash = "sha256:ca807d0162cd16cef15a8feecb862d7319e7a09bdb13aef927968e45040fed80", size = 252132 }
wheels = [
    { url = "https://files.pythonhosted.org/packages/2d/00/d90b10b962b4277f5e64a78b6609968859ff86889f5b898c1a778c06ec00/lark-1.2.2-py3-none-any.whl", hash = "sha256:c2276486b02f0f1b90be155f2c8ba4a8e194d42775786db622faccd652d8e80c", size = 111036 },
]

[[package]]
name = "monitoring"
version = "0.1.0"
source = { virtual = "." }
dependencies = [
    { name = "django" },
    { name = "django-environ" },
    { name = "django-socio-grpc" },
    { name = "djangorestframework" },
]

[package.dependency-groups]
dev = [
    { name = "ruff" },
]

[package.metadata]
requires-dist = [
    { name = "django", specifier = ">=5.1.2,<5.2" },
    { name = "django-environ", specifier = ">=0.11.2,<0.12" },
    { name = "django-socio-grpc", specifier = ">=0.23.1" },
    { name = "djangorestframework", specifier = ">=3.15.2,<3.16" },
]

[package.metadata.dependency-groups]
dev = [{ name = "ruff", specifier = ">=0.6.9,<0.7" }]

[[package]]
name = "protobuf"
version = "5.28.3"
source = { registry = "https://pypi.org/simple" }
sdist = { url = "https://files.pythonhosted.org/packages/74/6e/e69eb906fddcb38f8530a12f4b410699972ab7ced4e21524ece9d546ac27/protobuf-5.28.3.tar.gz", hash = "sha256:64badbc49180a5e401f373f9ce7ab1d18b63f7dd4a9cdc43c92b9f0b481cef7b", size = 422479 }
wheels = [
    { url = "https://files.pythonhosted.org/packages/d1/c5/05163fad52d7c43e124a545f1372d18266db36036377ad29de4271134a6a/protobuf-5.28.3-cp310-abi3-win32.whl", hash = "sha256:0c4eec6f987338617072592b97943fdbe30d019c56126493111cf24344c1cc24", size = 419624 },
    { url = "https://files.pythonhosted.org/packages/9c/4c/4563ebe001ff30dca9d7ed12e471fa098d9759712980cde1fd03a3a44fb7/protobuf-5.28.3-cp310-abi3-win_amd64.whl", hash = "sha256:91fba8f445723fcf400fdbe9ca796b19d3b1242cd873907979b9ed71e4afe868", size = 431464 },
    { url = "https://files.pythonhosted.org/packages/1c/f2/baf397f3dd1d3e4af7e3f5a0382b868d25ac068eefe1ebde05132333436c/protobuf-5.28.3-cp38-abi3-macosx_10_9_universal2.whl", hash = "sha256:a3f6857551e53ce35e60b403b8a27b0295f7d6eb63d10484f12bc6879c715687", size = 414743 },
    { url = "https://files.pythonhosted.org/packages/85/50/cd61a358ba1601f40e7d38bcfba22e053f40ef2c50d55b55926aecc8fec7/protobuf-5.28.3-cp38-abi3-manylinux2014_aarch64.whl", hash = "sha256:3fa2de6b8b29d12c61911505d893afe7320ce7ccba4df913e2971461fa36d584", size = 316511 },
    { url = "https://files.pythonhosted.org/packages/5d/ae/3257b09328c0b4e59535e497b0c7537d4954038bdd53a2f0d2f49d15a7c4/protobuf-5.28.3-cp38-abi3-manylinux2014_x86_64.whl", hash = "sha256:712319fbdddb46f21abb66cd33cb9e491a5763b2febd8f228251add221981135", size = 316624 },
    { url = "https://files.pythonhosted.org/packages/ad/c3/2377c159e28ea89a91cf1ca223f827ae8deccb2c9c401e5ca233cd73002f/protobuf-5.28.3-py3-none-any.whl", hash = "sha256:cee1757663fa32a1ee673434fcf3bf24dd54763c79690201208bafec62f19eed", size = 169511 },
]

[[package]]
name = "ruff"
version = "0.6.9"
source = { registry = "https://pypi.org/simple" }
sdist = { url = "https://files.pythonhosted.org/packages/26/0d/6148a48dab5662ca1d5a93b7c0d13c03abd3cc7e2f35db08410e47cef15d/ruff-0.6.9.tar.gz", hash = "sha256:b076ef717a8e5bc819514ee1d602bbdca5b4420ae13a9cf61a0c0a4f53a2baa2", size = 3095355 }
wheels = [
    { url = "https://files.pythonhosted.org/packages/6e/8f/f7a0a0ef1818662efb32ed6df16078c95da7a0a3248d64c2410c1e27799f/ruff-0.6.9-py3-none-linux_armv6l.whl", hash = "sha256:064df58d84ccc0ac0fcd63bc3090b251d90e2a372558c0f057c3f75ed73e1ccd", size = 10440526 },
    { url = "https://files.pythonhosted.org/packages/8b/69/b179a5faf936a9e2ab45bb412a668e4661eded964ccfa19d533f29463ef6/ruff-0.6.9-py3-none-macosx_10_12_x86_64.whl", hash = "sha256:140d4b5c9f5fc7a7b074908a78ab8d384dd7f6510402267bc76c37195c02a7ec", size = 10034612 },
    { url = "https://files.pythonhosted.org/packages/c7/ef/fd1b4be979c579d191eeac37b5cfc0ec906de72c8bcd8595e2c81bb700c1/ruff-0.6.9-py3-none-macosx_11_0_arm64.whl", hash = "sha256:53fd8ca5e82bdee8da7f506d7b03a261f24cd43d090ea9db9a1dc59d9313914c", size = 9706197 },
    { url = "https://files.pythonhosted.org/packages/29/61/b376d775deb5851cb48d893c568b511a6d3625ef2c129ad5698b64fb523c/ruff-0.6.9-py3-none-manylinux_2_17_aarch64.manylinux2014_aarch64.whl", hash = "sha256:645d7d8761f915e48a00d4ecc3686969761df69fb561dd914a773c1a8266e14e", size = 10751855 },
    { url = "https://files.pythonhosted.org/packages/13/d7/def9e5f446d75b9a9c19b24231a3a658c075d79163b08582e56fa5dcfa38/ruff-0.6.9-py3-none-manylinux_2_17_armv7l.manylinux2014_armv7l.whl", hash = "sha256:eae02b700763e3847595b9d2891488989cac00214da7f845f4bcf2989007d577", size = 10200889 },
    { url = "https://files.pythonhosted.org/packages/6c/d6/7f34160818bcb6e84ce293a5966cba368d9112ff0289b273fbb689046047/ruff-0.6.9-py3-none-manylinux_2_17_i686.manylinux2014_i686.whl", hash = "sha256:7d5ccc9e58112441de8ad4b29dcb7a86dc25c5f770e3c06a9d57e0e5eba48829", size = 11038678 },
    { url = "https://files.pythonhosted.org/packages/13/34/a40ff8ae62fb1b26fb8e6fa7e64bc0e0a834b47317880de22edd6bfb54fb/ruff-0.6.9-py3-none-manylinux_2_17_ppc64.manylinux2014_ppc64.whl", hash = "sha256:417b81aa1c9b60b2f8edc463c58363075412866ae4e2b9ab0f690dc1e87ac1b5", size = 11808682 },
    { url = "https://files.pythonhosted.org/packages/2e/6d/25a4386ae4009fc798bd10ba48c942d1b0b3e459b5403028f1214b6dd161/ruff-0.6.9-py3-none-manylinux_2_17_ppc64le.manylinux2014_ppc64le.whl", hash = "sha256:3c866b631f5fbce896a74a6e4383407ba7507b815ccc52bcedabb6810fdb3ef7", size = 11330446 },
    { url = "https://files.pythonhosted.org/packages/f7/f6/bdf891a9200d692c94ebcd06ae5a2fa5894e522f2c66c2a12dd5d8cb2654/ruff-0.6.9-py3-none-manylinux_2_17_s390x.manylinux2014_s390x.whl", hash = "sha256:7b118afbb3202f5911486ad52da86d1d52305b59e7ef2031cea3425142b97d6f", size = 12483048 },
    { url = "https://files.pythonhosted.org/packages/a7/86/96f4252f41840e325b3fa6c48297e661abb9f564bd7dcc0572398c8daa42/ruff-0.6.9-py3-none-manylinux_2_17_x86_64.manylinux2014_x86_64.whl", hash = "sha256:a67267654edc23c97335586774790cde402fb6bbdb3c2314f1fc087dee320bfa", size = 10936855 },
    { url = "https://files.pythonhosted.org/packages/45/87/801a52d26c8dbf73424238e9908b9ceac430d903c8ef35eab1b44fcfa2bd/ruff-0.6.9-py3-none-musllinux_1_2_aarch64.whl", hash = "sha256:3ef0cc774b00fec123f635ce5c547dac263f6ee9fb9cc83437c5904183b55ceb", size = 10713007 },
    { url = "https://files.pythonhosted.org/packages/be/27/6f7161d90320a389695e32b6ebdbfbedde28ccbf52451e4b723d7ce744ad/ruff-0.6.9-py3-none-musllinux_1_2_armv7l.whl", hash = "sha256:12edd2af0c60fa61ff31cefb90aef4288ac4d372b4962c2864aeea3a1a2460c0", size = 10274594 },
    { url = "https://files.pythonhosted.org/packages/00/52/dc311775e7b5f5b19831563cb1572ecce63e62681bccc609867711fae317/ruff-0.6.9-py3-none-musllinux_1_2_i686.whl", hash = "sha256:55bb01caeaf3a60b2b2bba07308a02fca6ab56233302406ed5245180a05c5625", size = 10608024 },
    { url = "https://files.pythonhosted.org/packages/98/b6/be0a1ddcbac65a30c985cf7224c4fce786ba2c51e7efeb5178fe410ed3cf/ruff-0.6.9-py3-none-musllinux_1_2_x86_64.whl", hash = "sha256:925d26471fa24b0ce5a6cdfab1bb526fb4159952385f386bdcc643813d472039", size = 10982085 },
    { url = "https://files.pythonhosted.org/packages/bb/a4/c84bc13d0b573cf7bb7d17b16d6d29f84267c92d79b2f478d4ce322e8e72/ruff-0.6.9-py3-none-win32.whl", hash = "sha256:eb61ec9bdb2506cffd492e05ac40e5bc6284873aceb605503d8494180d6fc84d", size = 8522088 },
    { url = "https://files.pythonhosted.org/packages/74/be/fc352bd8ca40daae8740b54c1c3e905a7efe470d420a268cd62150248c91/ruff-0.6.9-py3-none-win_amd64.whl", hash = "sha256:785d31851c1ae91f45b3d8fe23b8ae4b5170089021fbb42402d811135f0b7117", size = 9359275 },
    { url = "https://files.pythonhosted.org/packages/3e/14/fd026bc74ded05e2351681545a5f626e78ef831f8edce064d61acd2e6ec7/ruff-0.6.9-py3-none-win_arm64.whl", hash = "sha256:a9641e31476d601f83cd602608739a0840e348bda93fec9f1ee816f8b6798b93", size = 8679879 },
]

[[package]]
name = "setuptools"
version = "75.3.0"
source = { registry = "https://pypi.org/simple" }
sdist = { url = "https://files.pythonhosted.org/packages/ed/22/a438e0caa4576f8c383fa4d35f1cc01655a46c75be358960d815bfbb12bd/setuptools-75.3.0.tar.gz", hash = "sha256:fba5dd4d766e97be1b1681d98712680ae8f2f26d7881245f2ce9e40714f1a686", size = 1351577 }
wheels = [
    { url = "https://files.pythonhosted.org/packages/90/12/282ee9bce8b58130cb762fbc9beabd531549952cac11fc56add11dcb7ea0/setuptools-75.3.0-py3-none-any.whl", hash = "sha256:f2504966861356aa38616760c0f66568e535562374995367b4e69c7143cf6bcd", size = 1251070 },
]

[[package]]
name = "sqlparse"
version = "0.5.1"
source = { registry = "https://pypi.org/simple" }
sdist = { url = "https://files.pythonhosted.org/packages/73/82/dfa23ec2cbed08a801deab02fe7c904bfb00765256b155941d789a338c68/sqlparse-0.5.1.tar.gz", hash = "sha256:bb6b4df465655ef332548e24f08e205afc81b9ab86cb1c45657a7ff173a3a00e", size = 84502 }
wheels = [
    { url = "https://files.pythonhosted.org/packages/5d/a5/b2860373aa8de1e626b2bdfdd6df4355f0565b47e51f7d0c54fe70faf8fe/sqlparse-0.5.1-py3-none-any.whl", hash = "sha256:773dcbf9a5ab44a090f3441e2180efe2560220203dc2f8c0b0fa141e18b505e4", size = 44156 },
]

[[package]]
name = "tzdata"
version = "2024.2"
source = { registry = "https://pypi.org/simple" }
sdist = { url = "https://files.pythonhosted.org/packages/e1/34/943888654477a574a86a98e9896bae89c7aa15078ec29f490fef2f1e5384/tzdata-2024.2.tar.gz", hash = "sha256:7d85cc416e9382e69095b7bdf4afd9e3880418a2413feec7069d533d6b4e31cc", size = 193282 }
wheels = [
    { url = "https://files.pythonhosted.org/packages/a6/ab/7e5f53c3b9d14972843a647d8d7a853969a58aecc7559cb3267302c94774/tzdata-2024.2-py2.py3-none-any.whl", hash = "sha256:a48093786cdcde33cad18c2555e8532f34422074448fbc874186f0abd79565cd", size = 346586 },
]
